{
  "name": "react",
  "lockfileVersion": 3,
  "requires": true,
  "packages": {
    "": {
      "name": "react",
      "dependencies": {
        "kitchn": "latest",
        "react": "^18.2.0",
        "react-dom": "^18.2.0"
      },
      "devDependencies": {
        "@types/react": "^18.2.67",
        "@types/react-dom": "^18.2.22",
        "@vitejs/plugin-react-swc": "^3.0.0",
        "typescript": "^4.9.3",
        "vite": "^4.2.0"
      }
    },
    "node_modules/@babel/runtime": {
      "version": "7.25.7",
      "resolved": "https://registry.npmjs.org/@babel/runtime/-/runtime-7.25.7.tgz",
      "integrity": "sha512-FjoyLe754PMiYsFaN5C94ttGiOmBNYTf6pLr4xXHAT5uctHb092PBszndLDR5XA/jghQvn4n7JMHl7dmTgbm9w==",
      "dependencies": {
        "regenerator-runtime": "^0.14.0"
      },
      "engines": {
        "node": ">=6.9.0"
      }
    },
    "node_modules/@emotion/is-prop-valid": {
      "version": "1.3.1",
      "resolved": "https://registry.npmjs.org/@emotion/is-prop-valid/-/is-prop-valid-1.3.1.tgz",
      "integrity": "sha512-/ACwoqx7XQi9knQs/G0qKvv5teDMhD7bXYns9N/wM8ah8iNb8jZ2uNO0YOgiq2o2poIvVtJS2YALasQuMSQ7Kw==",
      "dependencies": {
        "@emotion/memoize": "^0.9.0"
      }
    },
    "node_modules/@emotion/memoize": {
      "version": "0.9.0",
      "resolved": "https://registry.npmjs.org/@emotion/memoize/-/memoize-0.9.0.tgz",
      "integrity": "sha512-30FAj7/EoJ5mwVPOWhAyCX+FPfMDrVecJAM+Iw9NRoSl4BBAQeqj4cApHHUXOVvIPgLVDsCFoz/hGD+5QQD1GQ=="
    },
    "node_modules/@emotion/unitless": {
      "version": "0.8.1",
      "resolved": "https://registry.npmjs.org/@emotion/unitless/-/unitless-0.8.1.tgz",
      "integrity": "sha512-KOEGMu6dmJZtpadb476IsZBclKvILjopjUii3V+7MnXIQCYh8W3NgNcgwo21n9LXZX6EDIKvqfjYxXebDwxKmQ=="
    },
    "node_modules/@esbuild/android-arm": {
      "version": "0.18.20",
      "resolved": "https://registry.npmjs.org/@esbuild/android-arm/-/android-arm-0.18.20.tgz",
      "integrity": "sha512-fyi7TDI/ijKKNZTUJAQqiG5T7YjJXgnzkURqmGj13C6dCqckZBLdl4h7bkhHt/t0WP+zO9/zwroDvANaOqO5Sw==",
      "cpu": [
        "arm"
      ],
      "dev": true,
      "optional": true,
      "os": [
        "android"
      ],
      "engines": {
        "node": ">=12"
      }
    },
    "node_modules/@esbuild/android-arm64": {
      "version": "0.18.20",
      "resolved": "https://registry.npmjs.org/@esbuild/android-arm64/-/android-arm64-0.18.20.tgz",
      "integrity": "sha512-Nz4rJcchGDtENV0eMKUNa6L12zz2zBDXuhj/Vjh18zGqB44Bi7MBMSXjgunJgjRhCmKOjnPuZp4Mb6OKqtMHLQ==",
      "cpu": [
        "arm64"
      ],
      "dev": true,
      "optional": true,
      "os": [
        "android"
      ],
      "engines": {
        "node": ">=12"
      }
    },
    "node_modules/@esbuild/android-x64": {
      "version": "0.18.20",
      "resolved": "https://registry.npmjs.org/@esbuild/android-x64/-/android-x64-0.18.20.tgz",
      "integrity": "sha512-8GDdlePJA8D6zlZYJV/jnrRAi6rOiNaCC/JclcXpB+KIuvfBN4owLtgzY2bsxnx666XjJx2kDPUmnTtR8qKQUg==",
      "cpu": [
        "x64"
      ],
      "dev": true,
      "optional": true,
      "os": [
        "android"
      ],
      "engines": {
        "node": ">=12"
      }
    },
    "node_modules/@esbuild/darwin-arm64": {
      "version": "0.18.20",
      "resolved": "https://registry.npmjs.org/@esbuild/darwin-arm64/-/darwin-arm64-0.18.20.tgz",
      "integrity": "sha512-bxRHW5kHU38zS2lPTPOyuyTm+S+eobPUnTNkdJEfAddYgEcll4xkT8DB9d2008DtTbl7uJag2HuE5NZAZgnNEA==",
      "cpu": [
        "arm64"
      ],
      "dev": true,
      "optional": true,
      "os": [
        "darwin"
      ],
      "engines": {
        "node": ">=12"
      }
    },
    "node_modules/@esbuild/darwin-x64": {
      "version": "0.18.20",
      "resolved": "https://registry.npmjs.org/@esbuild/darwin-x64/-/darwin-x64-0.18.20.tgz",
      "integrity": "sha512-pc5gxlMDxzm513qPGbCbDukOdsGtKhfxD1zJKXjCCcU7ju50O7MeAZ8c4krSJcOIJGFR+qx21yMMVYwiQvyTyQ==",
      "cpu": [
        "x64"
      ],
      "dev": true,
      "optional": true,
      "os": [
        "darwin"
      ],
      "engines": {
        "node": ">=12"
      }
    },
    "node_modules/@esbuild/freebsd-arm64": {
      "version": "0.18.20",
      "resolved": "https://registry.npmjs.org/@esbuild/freebsd-arm64/-/freebsd-arm64-0.18.20.tgz",
      "integrity": "sha512-yqDQHy4QHevpMAaxhhIwYPMv1NECwOvIpGCZkECn8w2WFHXjEwrBn3CeNIYsibZ/iZEUemj++M26W3cNR5h+Tw==",
      "cpu": [
        "arm64"
      ],
      "dev": true,
      "optional": true,
      "os": [
        "freebsd"
      ],
      "engines": {
        "node": ">=12"
      }
    },
    "node_modules/@esbuild/freebsd-x64": {
      "version": "0.18.20",
      "resolved": "https://registry.npmjs.org/@esbuild/freebsd-x64/-/freebsd-x64-0.18.20.tgz",
      "integrity": "sha512-tgWRPPuQsd3RmBZwarGVHZQvtzfEBOreNuxEMKFcd5DaDn2PbBxfwLcj4+aenoh7ctXcbXmOQIn8HI6mCSw5MQ==",
      "cpu": [
        "x64"
      ],
      "dev": true,
      "optional": true,
      "os": [
        "freebsd"
      ],
      "engines": {
        "node": ">=12"
      }
    },
    "node_modules/@esbuild/linux-arm": {
      "version": "0.18.20",
      "resolved": "https://registry.npmjs.org/@esbuild/linux-arm/-/linux-arm-0.18.20.tgz",
      "integrity": "sha512-/5bHkMWnq1EgKr1V+Ybz3s1hWXok7mDFUMQ4cG10AfW3wL02PSZi5kFpYKrptDsgb2WAJIvRcDm+qIvXf/apvg==",
      "cpu": [
        "arm"
      ],
      "dev": true,
      "optional": true,
      "os": [
        "linux"
      ],
      "engines": {
        "node": ">=12"
      }
    },
    "node_modules/@esbuild/linux-arm64": {
      "version": "0.18.20",
      "resolved": "https://registry.npmjs.org/@esbuild/linux-arm64/-/linux-arm64-0.18.20.tgz",
      "integrity": "sha512-2YbscF+UL7SQAVIpnWvYwM+3LskyDmPhe31pE7/aoTMFKKzIc9lLbyGUpmmb8a8AixOL61sQ/mFh3jEjHYFvdA==",
      "cpu": [
        "arm64"
      ],
      "dev": true,
      "optional": true,
      "os": [
        "linux"
      ],
      "engines": {
        "node": ">=12"
      }
    },
    "node_modules/@esbuild/linux-ia32": {
      "version": "0.18.20",
      "resolved": "https://registry.npmjs.org/@esbuild/linux-ia32/-/linux-ia32-0.18.20.tgz",
      "integrity": "sha512-P4etWwq6IsReT0E1KHU40bOnzMHoH73aXp96Fs8TIT6z9Hu8G6+0SHSw9i2isWrD2nbx2qo5yUqACgdfVGx7TA==",
      "cpu": [
        "ia32"
      ],
      "dev": true,
      "optional": true,
      "os": [
        "linux"
      ],
      "engines": {
        "node": ">=12"
      }
    },
    "node_modules/@esbuild/linux-loong64": {
      "version": "0.18.20",
      "resolved": "https://registry.npmjs.org/@esbuild/linux-loong64/-/linux-loong64-0.18.20.tgz",
      "integrity": "sha512-nXW8nqBTrOpDLPgPY9uV+/1DjxoQ7DoB2N8eocyq8I9XuqJ7BiAMDMf9n1xZM9TgW0J8zrquIb/A7s3BJv7rjg==",
      "cpu": [
        "loong64"
      ],
      "dev": true,
      "optional": true,
      "os": [
        "linux"
      ],
      "engines": {
        "node": ">=12"
      }
    },
    "node_modules/@esbuild/linux-mips64el": {
      "version": "0.18.20",
      "resolved": "https://registry.npmjs.org/@esbuild/linux-mips64el/-/linux-mips64el-0.18.20.tgz",
      "integrity": "sha512-d5NeaXZcHp8PzYy5VnXV3VSd2D328Zb+9dEq5HE6bw6+N86JVPExrA6O68OPwobntbNJ0pzCpUFZTo3w0GyetQ==",
      "cpu": [
        "mips64el"
      ],
      "dev": true,
      "optional": true,
      "os": [
        "linux"
      ],
      "engines": {
        "node": ">=12"
      }
    },
    "node_modules/@esbuild/linux-ppc64": {
      "version": "0.18.20",
      "resolved": "https://registry.npmjs.org/@esbuild/linux-ppc64/-/linux-ppc64-0.18.20.tgz",
      "integrity": "sha512-WHPyeScRNcmANnLQkq6AfyXRFr5D6N2sKgkFo2FqguP44Nw2eyDlbTdZwd9GYk98DZG9QItIiTlFLHJHjxP3FA==",
      "cpu": [
        "ppc64"
      ],
      "dev": true,
      "optional": true,
      "os": [
        "linux"
      ],
      "engines": {
        "node": ">=12"
      }
    },
    "node_modules/@esbuild/linux-riscv64": {
      "version": "0.18.20",
      "resolved": "https://registry.npmjs.org/@esbuild/linux-riscv64/-/linux-riscv64-0.18.20.tgz",
      "integrity": "sha512-WSxo6h5ecI5XH34KC7w5veNnKkju3zBRLEQNY7mv5mtBmrP/MjNBCAlsM2u5hDBlS3NGcTQpoBvRzqBcRtpq1A==",
      "cpu": [
        "riscv64"
      ],
      "dev": true,
      "optional": true,
      "os": [
        "linux"
      ],
      "engines": {
        "node": ">=12"
      }
    },
    "node_modules/@esbuild/linux-s390x": {
      "version": "0.18.20",
      "resolved": "https://registry.npmjs.org/@esbuild/linux-s390x/-/linux-s390x-0.18.20.tgz",
      "integrity": "sha512-+8231GMs3mAEth6Ja1iK0a1sQ3ohfcpzpRLH8uuc5/KVDFneH6jtAJLFGafpzpMRO6DzJ6AvXKze9LfFMrIHVQ==",
      "cpu": [
        "s390x"
      ],
      "dev": true,
      "optional": true,
      "os": [
        "linux"
      ],
      "engines": {
        "node": ">=12"
      }
    },
    "node_modules/@esbuild/linux-x64": {
      "version": "0.18.20",
      "resolved": "https://registry.npmjs.org/@esbuild/linux-x64/-/linux-x64-0.18.20.tgz",
      "integrity": "sha512-UYqiqemphJcNsFEskc73jQ7B9jgwjWrSayxawS6UVFZGWrAAtkzjxSqnoclCXxWtfwLdzU+vTpcNYhpn43uP1w==",
      "cpu": [
        "x64"
      ],
      "dev": true,
      "optional": true,
      "os": [
        "linux"
      ],
      "engines": {
        "node": ">=12"
      }
    },
    "node_modules/@esbuild/netbsd-x64": {
      "version": "0.18.20",
      "resolved": "https://registry.npmjs.org/@esbuild/netbsd-x64/-/netbsd-x64-0.18.20.tgz",
      "integrity": "sha512-iO1c++VP6xUBUmltHZoMtCUdPlnPGdBom6IrO4gyKPFFVBKioIImVooR5I83nTew5UOYrk3gIJhbZh8X44y06A==",
      "cpu": [
        "x64"
      ],
      "dev": true,
      "optional": true,
      "os": [
        "netbsd"
      ],
      "engines": {
        "node": ">=12"
      }
    },
    "node_modules/@esbuild/openbsd-x64": {
      "version": "0.18.20",
      "resolved": "https://registry.npmjs.org/@esbuild/openbsd-x64/-/openbsd-x64-0.18.20.tgz",
      "integrity": "sha512-e5e4YSsuQfX4cxcygw/UCPIEP6wbIL+se3sxPdCiMbFLBWu0eiZOJ7WoD+ptCLrmjZBK1Wk7I6D/I3NglUGOxg==",
      "cpu": [
        "x64"
      ],
      "dev": true,
      "optional": true,
      "os": [
        "openbsd"
      ],
      "engines": {
        "node": ">=12"
      }
    },
    "node_modules/@esbuild/sunos-x64": {
      "version": "0.18.20",
      "resolved": "https://registry.npmjs.org/@esbuild/sunos-x64/-/sunos-x64-0.18.20.tgz",
      "integrity": "sha512-kDbFRFp0YpTQVVrqUd5FTYmWo45zGaXe0X8E1G/LKFC0v8x0vWrhOWSLITcCn63lmZIxfOMXtCfti/RxN/0wnQ==",
      "cpu": [
        "x64"
      ],
      "dev": true,
      "optional": true,
      "os": [
        "sunos"
      ],
      "engines": {
        "node": ">=12"
      }
    },
    "node_modules/@esbuild/win32-arm64": {
      "version": "0.18.20",
      "resolved": "https://registry.npmjs.org/@esbuild/win32-arm64/-/win32-arm64-0.18.20.tgz",
      "integrity": "sha512-ddYFR6ItYgoaq4v4JmQQaAI5s7npztfV4Ag6NrhiaW0RrnOXqBkgwZLofVTlq1daVTQNhtI5oieTvkRPfZrePg==",
      "cpu": [
        "arm64"
      ],
      "dev": true,
      "optional": true,
      "os": [
        "win32"
      ],
      "engines": {
        "node": ">=12"
      }
    },
    "node_modules/@esbuild/win32-ia32": {
      "version": "0.18.20",
      "resolved": "https://registry.npmjs.org/@esbuild/win32-ia32/-/win32-ia32-0.18.20.tgz",
      "integrity": "sha512-Wv7QBi3ID/rROT08SABTS7eV4hX26sVduqDOTe1MvGMjNd3EjOz4b7zeexIR62GTIEKrfJXKL9LFxTYgkyeu7g==",
      "cpu": [
        "ia32"
      ],
      "dev": true,
      "optional": true,
      "os": [
        "win32"
      ],
      "engines": {
        "node": ">=12"
      }
    },
    "node_modules/@esbuild/win32-x64": {
      "version": "0.18.20",
      "resolved": "https://registry.npmjs.org/@esbuild/win32-x64/-/win32-x64-0.18.20.tgz",
      "integrity": "sha512-kTdfRcSiDfQca/y9QIkng02avJ+NCaQvrMejlsB3RRv5sE9rRoeBPISaZpKxHELzRxZyLvNts1P27W3wV+8geQ==",
      "cpu": [
        "x64"
      ],
      "dev": true,
      "optional": true,
      "os": [
        "win32"
      ],
      "engines": {
        "node": ">=12"
      }
    },
    "node_modules/@fontsource/figtree": {
      "version": "5.1.0",
      "resolved": "https://registry.npmjs.org/@fontsource/figtree/-/figtree-5.1.0.tgz",
      "integrity": "sha512-MBSWXnYMqjbxuWIbkgZJw0hi8phwP0eYYyeRSyKjli9TSJKQs/5az5BKfeUgoKSIVystHsP3rT83zyxPTx1KQg=="
    },
    "node_modules/@fontsource/fira-code": {
      "version": "5.1.0",
      "resolved": "https://registry.npmjs.org/@fontsource/fira-code/-/fira-code-5.1.0.tgz",
      "integrity": "sha512-ti2XDP0qthaTDu44QawNP3PjEZIZ/cNl5VUZzvF9oYS/WY4LgmbF43IMTgTUZL33hknwFWBfmLmZCheOQmzJDg=="
    },
    "node_modules/@swc/core": {
      "version": "1.7.26",
      "resolved": "https://registry.npmjs.org/@swc/core/-/core-1.7.26.tgz",
      "integrity": "sha512-f5uYFf+TmMQyYIoxkn/evWhNGuUzC730dFwAKGwBVHHVoPyak1/GvJUm6i1SKl+2Hrj9oN0i3WSoWWZ4pgI8lw==",
      "dev": true,
      "hasInstallScript": true,
      "dependencies": {
        "@swc/counter": "^0.1.3",
        "@swc/types": "^0.1.12"
      },
      "engines": {
        "node": ">=10"
      },
      "funding": {
        "type": "opencollective",
        "url": "https://opencollective.com/swc"
      },
      "optionalDependencies": {
        "@swc/core-darwin-arm64": "1.7.26",
        "@swc/core-darwin-x64": "1.7.26",
        "@swc/core-linux-arm-gnueabihf": "1.7.26",
        "@swc/core-linux-arm64-gnu": "1.7.26",
        "@swc/core-linux-arm64-musl": "1.7.26",
        "@swc/core-linux-x64-gnu": "1.7.26",
        "@swc/core-linux-x64-musl": "1.7.26",
        "@swc/core-win32-arm64-msvc": "1.7.26",
        "@swc/core-win32-ia32-msvc": "1.7.26",
        "@swc/core-win32-x64-msvc": "1.7.26"
      },
      "peerDependencies": {
        "@swc/helpers": "*"
      },
      "peerDependenciesMeta": {
        "@swc/helpers": {
          "optional": true
        }
      }
    },
    "node_modules/@swc/core-darwin-arm64": {
      "version": "1.7.26",
      "resolved": "https://registry.npmjs.org/@swc/core-darwin-arm64/-/core-darwin-arm64-1.7.26.tgz",
      "integrity": "sha512-FF3CRYTg6a7ZVW4yT9mesxoVVZTrcSWtmZhxKCYJX9brH4CS/7PRPjAKNk6kzWgWuRoglP7hkjQcd6EpMcZEAw==",
      "cpu": [
        "arm64"
      ],
      "dev": true,
      "optional": true,
      "os": [
        "darwin"
      ],
      "engines": {
        "node": ">=10"
      }
    },
    "node_modules/@swc/core-darwin-x64": {
      "version": "1.7.26",
      "resolved": "https://registry.npmjs.org/@swc/core-darwin-x64/-/core-darwin-x64-1.7.26.tgz",
      "integrity": "sha512-az3cibZdsay2HNKmc4bjf62QVukuiMRh5sfM5kHR/JMTrLyS6vSw7Ihs3UTkZjUxkLTT8ro54LI6sV6sUQUbLQ==",
      "cpu": [
        "x64"
      ],
      "dev": true,
      "optional": true,
      "os": [
        "darwin"
      ],
      "engines": {
        "node": ">=10"
      }
    },
    "node_modules/@swc/core-linux-arm-gnueabihf": {
      "version": "1.7.26",
      "resolved": "https://registry.npmjs.org/@swc/core-linux-arm-gnueabihf/-/core-linux-arm-gnueabihf-1.7.26.tgz",
      "integrity": "sha512-VYPFVJDO5zT5U3RpCdHE5v1gz4mmR8BfHecUZTmD2v1JeFY6fv9KArJUpjrHEEsjK/ucXkQFmJ0jaiWXmpOV9Q==",
      "cpu": [
        "arm"
      ],
      "dev": true,
      "optional": true,
      "os": [
        "linux"
      ],
      "engines": {
        "node": ">=10"
      }
    },
    "node_modules/@swc/core-linux-arm64-gnu": {
      "version": "1.7.26",
      "resolved": "https://registry.npmjs.org/@swc/core-linux-arm64-gnu/-/core-linux-arm64-gnu-1.7.26.tgz",
      "integrity": "sha512-YKevOV7abpjcAzXrhsl+W48Z9mZvgoVs2eP5nY+uoMAdP2b3GxC0Df1Co0I90o2lkzO4jYBpTMcZlmUXLdXn+Q==",
      "cpu": [
        "arm64"
      ],
      "dev": true,
      "optional": true,
      "os": [
        "linux"
      ],
      "engines": {
        "node": ">=10"
      }
    },
    "node_modules/@swc/core-linux-arm64-musl": {
      "version": "1.7.26",
      "resolved": "https://registry.npmjs.org/@swc/core-linux-arm64-musl/-/core-linux-arm64-musl-1.7.26.tgz",
      "integrity": "sha512-3w8iZICMkQQON0uIcvz7+Q1MPOW6hJ4O5ETjA0LSP/tuKqx30hIniCGOgPDnv3UTMruLUnQbtBwVCZTBKR3Rkg==",
      "cpu": [
        "arm64"
      ],
      "dev": true,
      "optional": true,
      "os": [
        "linux"
      ],
      "engines": {
        "node": ">=10"
      }
    },
    "node_modules/@swc/core-linux-x64-gnu": {
      "version": "1.7.26",
      "resolved": "https://registry.npmjs.org/@swc/core-linux-x64-gnu/-/core-linux-x64-gnu-1.7.26.tgz",
      "integrity": "sha512-c+pp9Zkk2lqb06bNGkR2Looxrs7FtGDMA4/aHjZcCqATgp348hOKH5WPvNLBl+yPrISuWjbKDVn3NgAvfvpH4w==",
      "cpu": [
        "x64"
      ],
      "dev": true,
      "optional": true,
      "os": [
        "linux"
      ],
      "engines": {
        "node": ">=10"
      }
    },
    "node_modules/@swc/core-linux-x64-musl": {
      "version": "1.7.26",
      "resolved": "https://registry.npmjs.org/@swc/core-linux-x64-musl/-/core-linux-x64-musl-1.7.26.tgz",
      "integrity": "sha512-PgtyfHBF6xG87dUSSdTJHwZ3/8vWZfNIXQV2GlwEpslrOkGqy+WaiiyE7Of7z9AvDILfBBBcJvJ/r8u980wAfQ==",
      "cpu": [
        "x64"
      ],
      "dev": true,
      "optional": true,
      "os": [
        "linux"
      ],
      "engines": {
        "node": ">=10"
      }
    },
    "node_modules/@swc/core-win32-arm64-msvc": {
      "version": "1.7.26",
      "resolved": "https://registry.npmjs.org/@swc/core-win32-arm64-msvc/-/core-win32-arm64-msvc-1.7.26.tgz",
      "integrity": "sha512-9TNXPIJqFynlAOrRD6tUQjMq7KApSklK3R/tXgIxc7Qx+lWu8hlDQ/kVPLpU7PWvMMwC/3hKBW+p5f+Tms1hmA==",
      "cpu": [
        "arm64"
      ],
      "dev": true,
      "optional": true,
      "os": [
        "win32"
      ],
      "engines": {
        "node": ">=10"
      }
    },
    "node_modules/@swc/core-win32-ia32-msvc": {
      "version": "1.7.26",
      "resolved": "https://registry.npmjs.org/@swc/core-win32-ia32-msvc/-/core-win32-ia32-msvc-1.7.26.tgz",
      "integrity": "sha512-9YngxNcG3177GYdsTum4V98Re+TlCeJEP4kEwEg9EagT5s3YejYdKwVAkAsJszzkXuyRDdnHUpYbTrPG6FiXrQ==",
      "cpu": [
        "ia32"
      ],
      "dev": true,
      "optional": true,
      "os": [
        "win32"
      ],
      "engines": {
        "node": ">=10"
      }
    },
    "node_modules/@swc/core-win32-x64-msvc": {
      "version": "1.7.26",
      "resolved": "https://registry.npmjs.org/@swc/core-win32-x64-msvc/-/core-win32-x64-msvc-1.7.26.tgz",
      "integrity": "sha512-VR+hzg9XqucgLjXxA13MtV5O3C0bK0ywtLIBw/+a+O+Oc6mxFWHtdUeXDbIi5AiPbn0fjgVJMqYnyjGyyX8u0w==",
      "cpu": [
        "x64"
      ],
      "dev": true,
      "optional": true,
      "os": [
        "win32"
      ],
      "engines": {
        "node": ">=10"
      }
    },
    "node_modules/@swc/counter": {
      "version": "0.1.3",
      "resolved": "https://registry.npmjs.org/@swc/counter/-/counter-0.1.3.tgz",
      "integrity": "sha512-e2BR4lsJkkRlKZ/qCHPw9ZaSxc0MVUd7gtbtaB7aMvHeJVYe8sOB8DBZkP2DtISHGSku9sCK6T6cnY0CtXrOCQ==",
      "dev": true
    },
    "node_modules/@swc/types": {
      "version": "0.1.12",
      "resolved": "https://registry.npmjs.org/@swc/types/-/types-0.1.12.tgz",
      "integrity": "sha512-wBJA+SdtkbFhHjTMYH+dEH1y4VpfGdAc2Kw/LK09i9bXd/K6j6PkDcFCEzb6iVfZMkPRrl/q0e3toqTAJdkIVA==",
      "dev": true,
      "dependencies": {
        "@swc/counter": "^0.1.3"
      }
    },
    "node_modules/@types/prop-types": {
      "version": "15.7.13",
      "resolved": "https://registry.npmjs.org/@types/prop-types/-/prop-types-15.7.13.tgz",
      "integrity": "sha512-hCZTSvwbzWGvhqxp/RqVqwU999pBf2vp7hzIjiYOsl8wqOmUxkQ6ddw1cV3l8811+kdUFus/q4d1Y3E3SyEifA==",
      "dev": true
    },
    "node_modules/@types/react": {
      "version": "18.3.11",
      "resolved": "https://registry.npmjs.org/@types/react/-/react-18.3.11.tgz",
      "integrity": "sha512-r6QZ069rFTjrEYgFdOck1gK7FLVsgJE7tTz0pQBczlBNUhBNk0MQH4UbnFSwjpQLMkLzgqvBBa+qGpLje16eTQ==",
      "dev": true,
      "dependencies": {
        "@types/prop-types": "*",
        "csstype": "^3.0.2"
      }
    },
    "node_modules/@types/react-dom": {
      "version": "18.3.0",
      "resolved": "https://registry.npmjs.org/@types/react-dom/-/react-dom-18.3.0.tgz",
      "integrity": "sha512-EhwApuTmMBmXuFOikhQLIBUn6uFg81SwLMOAUgodJF14SOBOCMdU04gDoYi0WOJJHD144TL32z4yDqCW3dnkQg==",
      "dev": true,
      "dependencies": {
        "@types/react": "*"
      }
    },
    "node_modules/@types/stylis": {
      "version": "4.2.5",
      "resolved": "https://registry.npmjs.org/@types/stylis/-/stylis-4.2.5.tgz",
      "integrity": "sha512-1Xve+NMN7FWjY14vLoY5tL3BVEQ/n42YLwaqJIPYhotZ9uBHt87VceMwWQpzmdEt2TNXIorIFG+YeCUUW7RInw=="
    },
    "node_modules/@vitejs/plugin-react-swc": {
      "version": "3.7.1",
      "resolved": "https://registry.npmjs.org/@vitejs/plugin-react-swc/-/plugin-react-swc-3.7.1.tgz",
      "integrity": "sha512-vgWOY0i1EROUK0Ctg1hwhtC3SdcDjZcdit4Ups4aPkDcB1jYhmo+RMYWY87cmXMhvtD5uf8lV89j2w16vkdSVg==",
      "dev": true,
      "dependencies": {
        "@swc/core": "^1.7.26"
      },
      "peerDependencies": {
        "vite": "^4 || ^5"
      }
    },
    "node_modules/camelize": {
      "version": "1.0.1",
      "resolved": "https://registry.npmjs.org/camelize/-/camelize-1.0.1.tgz",
      "integrity": "sha512-dU+Tx2fsypxTgtLoE36npi3UqcjSSMNYfkqgmoEhtZrraP5VWq0K7FkWVTYa8eMPtnU/G2txVsfdCJTn9uzpuQ==",
      "funding": {
        "url": "https://github.com/sponsors/ljharb"
      }
    },
    "node_modules/css-color-keywords": {
      "version": "1.0.0",
      "resolved": "https://registry.npmjs.org/css-color-keywords/-/css-color-keywords-1.0.0.tgz",
      "integrity": "sha512-FyyrDHZKEjXDpNJYvVsV960FiqQyXc/LlYmsxl2BcdMb2WPx0OGRVgTg55rPSyLSNMqP52R9r8geSp7apN3Ofg==",
      "engines": {
        "node": ">=4"
      }
    },
    "node_modules/css-to-react-native": {
      "version": "3.2.0",
      "resolved": "https://registry.npmjs.org/css-to-react-native/-/css-to-react-native-3.2.0.tgz",
      "integrity": "sha512-e8RKaLXMOFii+02mOlqwjbD00KSEKqblnpO9e++1aXS1fPQOpS1YoqdVHBqPjHNoxeF2mimzVqawm2KCbEdtHQ==",
      "dependencies": {
        "camelize": "^1.0.0",
        "css-color-keywords": "^1.0.0",
        "postcss-value-parser": "^4.0.2"
      }
    },
    "node_modules/csstype": {
      "version": "3.1.3",
      "resolved": "https://registry.npmjs.org/csstype/-/csstype-3.1.3.tgz",
      "integrity": "sha512-M1uQkMl8rQK/szD0LNhtqxIPLpimGm8sOBwU7lLnCpSbTyY3yeU1Vc7l4KT5zT4s/yOxHH5O7tIuuLOCnLADRw=="
    },
    "node_modules/date-fns": {
      "version": "2.30.0",
      "resolved": "https://registry.npmjs.org/date-fns/-/date-fns-2.30.0.tgz",
      "integrity": "sha512-fnULvOpxnC5/Vg3NCiWelDsLiUc9bRwAPs/+LfTLNvetFCtCTN+yQz15C/fs4AwX1R9K5GLtLfn8QW+dWisaAw==",
      "dependencies": {
        "@babel/runtime": "^7.21.0"
      },
      "engines": {
        "node": ">=0.11"
      },
      "funding": {
        "type": "opencollective",
        "url": "https://opencollective.com/date-fns"
      }
    },
    "node_modules/deepmerge-ts": {
      "version": "7.1.1",
      "resolved": "https://registry.npmjs.org/deepmerge-ts/-/deepmerge-ts-7.1.1.tgz",
      "integrity": "sha512-M27OAbyR/XgJujhAd6ZlYvZGzejbzvGPSZWwuzezPCdKLT9VMtK0kpRNDc5LeUDYqFN3e254gWG1yKpjidCtow==",
      "engines": {
        "node": ">=16.0.0"
      }
    },
    "node_modules/esbuild": {
      "version": "0.18.20",
      "resolved": "https://registry.npmjs.org/esbuild/-/esbuild-0.18.20.tgz",
      "integrity": "sha512-ceqxoedUrcayh7Y7ZX6NdbbDzGROiyVBgC4PriJThBKSVPWnnFHZAkfI1lJT8QFkOwH4qOS2SJkS4wvpGl8BpA==",
      "dev": true,
      "hasInstallScript": true,
      "bin": {
        "esbuild": "bin/esbuild"
      },
      "engines": {
        "node": ">=12"
      },
      "optionalDependencies": {
        "@esbuild/android-arm": "0.18.20",
        "@esbuild/android-arm64": "0.18.20",
        "@esbuild/android-x64": "0.18.20",
        "@esbuild/darwin-arm64": "0.18.20",
        "@esbuild/darwin-x64": "0.18.20",
        "@esbuild/freebsd-arm64": "0.18.20",
        "@esbuild/freebsd-x64": "0.18.20",
        "@esbuild/linux-arm": "0.18.20",
        "@esbuild/linux-arm64": "0.18.20",
        "@esbuild/linux-ia32": "0.18.20",
        "@esbuild/linux-loong64": "0.18.20",
        "@esbuild/linux-mips64el": "0.18.20",
        "@esbuild/linux-ppc64": "0.18.20",
        "@esbuild/linux-riscv64": "0.18.20",
        "@esbuild/linux-s390x": "0.18.20",
        "@esbuild/linux-x64": "0.18.20",
        "@esbuild/netbsd-x64": "0.18.20",
        "@esbuild/openbsd-x64": "0.18.20",
        "@esbuild/sunos-x64": "0.18.20",
        "@esbuild/win32-arm64": "0.18.20",
        "@esbuild/win32-ia32": "0.18.20",
        "@esbuild/win32-x64": "0.18.20"
      }
    },
    "node_modules/fsevents": {
      "version": "2.3.3",
      "resolved": "https://registry.npmjs.org/fsevents/-/fsevents-2.3.3.tgz",
      "integrity": "sha512-5xoDfX+fL7faATnagmWPpbFtwh/R77WmMMqqHGS65C3vvB0YHrgF+B1YmZ3441tMj5n63k0212XNoJwzlhffQw==",
      "dev": true,
      "hasInstallScript": true,
      "optional": true,
      "os": [
        "darwin"
      ],
      "engines": {
        "node": "^8.16.0 || ^10.6.0 || >=11.0.0"
      }
    },
    "node_modules/js-tokens": {
      "version": "4.0.0",
      "resolved": "https://registry.npmjs.org/js-tokens/-/js-tokens-4.0.0.tgz",
      "integrity": "sha512-RdJUflcE3cUzKiMqQgsCu06FPu9UdIJO0beYbPhHN4k6apgJtifcoCtT9bcxOpYBtpD2kCM6Sbzg4CausW/PKQ=="
    },
    "node_modules/kitchn": {
      "version": "1.1.10",
      "resolved": "https://registry.npmjs.org/kitchn/-/kitchn-1.1.10.tgz",
      "integrity": "sha512-I3b6TR0/j8I0G3dRlmRJJ484+ja9oG9KCJO2sgutH1PgZbR0opxjenrnLo/8bpIS7iNv9dwuUemfQrXLvp1WEw==",
      "dependencies": {
        "@emotion/is-prop-valid": "^1.2.1",
        "@fontsource/figtree": "^5.0.1",
        "@fontsource/fira-code": "^5.0.0",
        "date-fns": "2.30.0",
        "deepmerge-ts": "^7.1.0",
        "next-themes": "^0.3.0",
        "react-day-picker": "^8.10.0",
        "react-hook-form": "^7.45.4",
        "react-icons": "^5.0.0",
        "styled-components": "6.1.13"
      },
      "peerDependencies": {
        "next": ">= 13.0.0",
        "react": ">= 16.8.0",
        "react-dom": ">= 16.8.0",
        "react-native": ">= 0.63.4",
        "react-native-remix-icon": ">= 0.4.0"
      },
      "peerDependenciesMeta": {
        "next": {
          "optional": true
        },
        "react-native": {
          "optional": true
        },
        "react-native-remix-icon": {
          "optional": true
        }
      }
    },
    "node_modules/loose-envify": {
      "version": "1.4.0",
      "resolved": "https://registry.npmjs.org/loose-envify/-/loose-envify-1.4.0.tgz",
      "integrity": "sha512-lyuxPGr/Wfhrlem2CL/UcnUc1zcqKAImBDzukY7Y5F/yQiNdko6+fRLevlw1HgMySw7f611UIY408EtxRSoK3Q==",
      "dependencies": {
        "js-tokens": "^3.0.0 || ^4.0.0"
      },
      "bin": {
        "loose-envify": "cli.js"
      }
    },
    "node_modules/nanoid": {
      "version": "3.3.7",
      "resolved": "https://registry.npmjs.org/nanoid/-/nanoid-3.3.7.tgz",
      "integrity": "sha512-eSRppjcPIatRIMC1U6UngP8XFcz8MQWGQdt1MTBQ7NaAmvXDfvNxbvWV3x2y6CdEUciCSsDHDQZbhYaB8QEo2g==",
      "funding": [
        {
          "type": "github",
          "url": "https://github.com/sponsors/ai"
        }
      ],
      "bin": {
        "nanoid": "bin/nanoid.cjs"
      },
      "engines": {
        "node": "^10 || ^12 || ^13.7 || ^14 || >=15.0.1"
      }
    },
    "node_modules/next-themes": {
      "version": "0.3.0",
      "resolved": "https://registry.npmjs.org/next-themes/-/next-themes-0.3.0.tgz",
      "integrity": "sha512-/QHIrsYpd6Kfk7xakK4svpDI5mmXP0gfvCoJdGpZQ2TOrQZmsW0QxjaiLn8wbIKjtm4BTSqLoix4lxYYOnLJ/w==",
      "peerDependencies": {
        "react": "^16.8 || ^17 || ^18",
        "react-dom": "^16.8 || ^17 || ^18"
      }
    },
    "node_modules/picocolors": {
      "version": "1.1.0",
      "resolved": "https://registry.npmjs.org/picocolors/-/picocolors-1.1.0.tgz",
      "integrity": "sha512-TQ92mBOW0l3LeMeyLV6mzy/kWr8lkd/hp3mTg7wYK7zJhuBStmGMBG0BdeDZS/dZx1IukaX6Bk11zcln25o1Aw=="
    },
    "node_modules/postcss": {
      "version": "8.4.38",
      "resolved": "https://registry.npmjs.org/postcss/-/postcss-8.4.38.tgz",
      "integrity": "sha512-Wglpdk03BSfXkHoQa3b/oulrotAkwrlLDRSOb9D0bN86FdRyE9lppSp33aHNPgBa0JKCoB+drFLZkQoRRYae5A==",
      "funding": [
        {
          "type": "opencollective",
          "url": "https://opencollective.com/postcss/"
        },
        {
          "type": "tidelift",
          "url": "https://tidelift.com/funding/github/npm/postcss"
        },
        {
          "type": "github",
          "url": "https://github.com/sponsors/ai"
        }
      ],
      "dependencies": {
        "nanoid": "^3.3.7",
        "picocolors": "^1.0.0",
        "source-map-js": "^1.2.0"
      },
      "engines": {
        "node": "^10 || ^12 || >=14"
      }
    },
    "node_modules/postcss-value-parser": {
      "version": "4.2.0",
      "resolved": "https://registry.npmjs.org/postcss-value-parser/-/postcss-value-parser-4.2.0.tgz",
      "integrity": "sha512-1NNCs6uurfkVbeXG4S8JFT9t19m45ICnif8zWLd5oPSZ50QnwMfK+H3jv408d4jw/7Bttv5axS5IiHoLaVNHeQ=="
    },
    "node_modules/react": {
      "version": "18.3.1",
      "resolved": "https://registry.npmjs.org/react/-/react-18.3.1.tgz",
      "integrity": "sha512-wS+hAgJShR0KhEvPJArfuPVN1+Hz1t0Y6n5jLrGQbkb4urgPE/0Rve+1kMB1v/oWgHgm4WIcV+i7F2pTVj+2iQ==",
      "dependencies": {
        "loose-envify": "^1.1.0"
      },
      "engines": {
        "node": ">=0.10.0"
      }
    },
    "node_modules/react-day-picker": {
      "version": "8.10.1",
      "resolved": "https://registry.npmjs.org/react-day-picker/-/react-day-picker-8.10.1.tgz",
      "integrity": "sha512-TMx7fNbhLk15eqcMt+7Z7S2KF7mfTId/XJDjKE8f+IUcFn0l08/kI4FiYTL/0yuOLmEcbR4Fwe3GJf/NiiMnPA==",
      "funding": {
        "type": "individual",
        "url": "https://github.com/sponsors/gpbl"
      },
      "peerDependencies": {
        "date-fns": "^2.28.0 || ^3.0.0",
        "react": "^16.8.0 || ^17.0.0 || ^18.0.0"
      }
    },
    "node_modules/react-dom": {
      "version": "18.3.1",
      "resolved": "https://registry.npmjs.org/react-dom/-/react-dom-18.3.1.tgz",
      "integrity": "sha512-5m4nQKp+rZRb09LNH59GM4BxTh9251/ylbKIbpe7TpGxfJ+9kv6BLkLBXIjjspbgbnIBNqlI23tRnTWT0snUIw==",
      "dependencies": {
        "loose-envify": "^1.1.0",
        "scheduler": "^0.23.2"
      },
      "peerDependencies": {
        "react": "^18.3.1"
      }
    },
    "node_modules/react-hook-form": {
      "version": "7.53.0",
      "resolved": "https://registry.npmjs.org/react-hook-form/-/react-hook-form-7.53.0.tgz",
      "integrity": "sha512-M1n3HhqCww6S2hxLxciEXy2oISPnAzxY7gvwVPrtlczTM/1dDadXgUxDpHMrMTblDOcm/AXtXxHwZ3jpg1mqKQ==",
      "engines": {
        "node": ">=18.0.0"
      },
      "funding": {
        "type": "opencollective",
        "url": "https://opencollective.com/react-hook-form"
      },
      "peerDependencies": {
        "react": "^16.8.0 || ^17 || ^18 || ^19"
      }
    },
    "node_modules/react-icons": {
      "version": "5.3.0",
      "resolved": "https://registry.npmjs.org/react-icons/-/react-icons-5.3.0.tgz",
      "integrity": "sha512-DnUk8aFbTyQPSkCfF8dbX6kQjXA9DktMeJqfjrg6cK9vwQVMxmcA3BfP4QoiztVmEHtwlTgLFsPuH2NskKT6eg==",
      "peerDependencies": {
        "react": "*"
      }
    },
    "node_modules/regenerator-runtime": {
      "version": "0.14.1",
      "resolved": "https://registry.npmjs.org/regenerator-runtime/-/regenerator-runtime-0.14.1.tgz",
      "integrity": "sha512-dYnhHh0nJoMfnkZs6GmmhFknAGRrLznOu5nc9ML+EJxGvrx6H7teuevqVqCuPcPK//3eDrrjQhehXVx9cnkGdw=="
    },
    "node_modules/rollup": {
      "version": "3.29.5",
      "resolved": "https://registry.npmjs.org/rollup/-/rollup-3.29.5.tgz",
      "integrity": "sha512-GVsDdsbJzzy4S/v3dqWPJ7EfvZJfCHiDqe80IyrF59LYuP+e6U1LJoUqeuqRbwAWoMNoXivMNeNAOf5E22VA1w==",
      "dev": true,
      "bin": {
        "rollup": "dist/bin/rollup"
      },
      "engines": {
        "node": ">=14.18.0",
        "npm": ">=8.0.0"
      },
      "optionalDependencies": {
        "fsevents": "~2.3.2"
      }
    },
    "node_modules/scheduler": {
      "version": "0.23.2",
      "resolved": "https://registry.npmjs.org/scheduler/-/scheduler-0.23.2.tgz",
      "integrity": "sha512-UOShsPwz7NrMUqhR6t0hWjFduvOzbtv7toDH1/hIrfRNIDBnnBWd0CwJTGvTpngVlmwGCdP9/Zl/tVrDqcuYzQ==",
      "dependencies": {
        "loose-envify": "^1.1.0"
      }
    },
    "node_modules/shallowequal": {
      "version": "1.1.0",
      "resolved": "https://registry.npmjs.org/shallowequal/-/shallowequal-1.1.0.tgz",
      "integrity": "sha512-y0m1JoUZSlPAjXVtPPW70aZWfIL/dSP7AFkRnniLCrK/8MDKog3TySTBmckD+RObVxH0v4Tox67+F14PdED2oQ=="
    },
    "node_modules/source-map-js": {
      "version": "1.2.1",
      "resolved": "https://registry.npmjs.org/source-map-js/-/source-map-js-1.2.1.tgz",
      "integrity": "sha512-UXWMKhLOwVKb728IUtQPXxfYU+usdybtUrK/8uGE8CQMvrhOpwvzDBwj0QhSL7MQc7vIsISBG8VQ8+IDQxpfQA==",
      "engines": {
        "node": ">=0.10.0"
      }
    },
    "node_modules/styled-components": {
      "version": "6.1.13",
      "resolved": "https://registry.npmjs.org/styled-components/-/styled-components-6.1.13.tgz",
      "integrity": "sha512-M0+N2xSnAtwcVAQeFEsGWFFxXDftHUD7XrKla06QbpUMmbmtFBMMTcKWvFXtWxuD5qQkB8iU5gk6QASlx2ZRMw==",
      "dependencies": {
        "@emotion/is-prop-valid": "1.2.2",
        "@emotion/unitless": "0.8.1",
        "@types/stylis": "4.2.5",
        "css-to-react-native": "3.2.0",
        "csstype": "3.1.3",
        "postcss": "8.4.38",
        "shallowequal": "1.1.0",
        "stylis": "4.3.2",
        "tslib": "2.6.2"
      },
      "engines": {
        "node": ">= 16"
      },
      "funding": {
        "type": "opencollective",
        "url": "https://opencollective.com/styled-components"
      },
      "peerDependencies": {
        "react": ">= 16.8.0",
        "react-dom": ">= 16.8.0"
      }
    },
    "node_modules/styled-components/node_modules/@emotion/is-prop-valid": {
      "version": "1.2.2",
      "resolved": "https://registry.npmjs.org/@emotion/is-prop-valid/-/is-prop-valid-1.2.2.tgz",
      "integrity": "sha512-uNsoYd37AFmaCdXlg6EYD1KaPOaRWRByMCYzbKUX4+hhMfrxdVSelShywL4JVaAeM/eHUOSprYBQls+/neX3pw==",
      "dependencies": {
        "@emotion/memoize": "^0.8.1"
      }
    },
    "node_modules/styled-components/node_modules/@emotion/memoize": {
      "version": "0.8.1",
      "resolved": "https://registry.npmjs.org/@emotion/memoize/-/memoize-0.8.1.tgz",
      "integrity": "sha512-W2P2c/VRW1/1tLox0mVUalvnWXxavmv/Oum2aPsRcoDJuob75FC3Y8FbpfLwUegRcxINtGUMPq0tFCvYNTBXNA=="
    },
    "node_modules/stylis": {
      "version": "4.3.2",
      "resolved": "https://registry.npmjs.org/stylis/-/stylis-4.3.2.tgz",
      "integrity": "sha512-bhtUjWd/z6ltJiQwg0dUfxEJ+W+jdqQd8TbWLWyeIJHlnsqmGLRFFd8e5mA0AZi/zx90smXRlN66YMTcaSFifg=="
    },
    "node_modules/tslib": {
      "version": "2.6.2",
      "resolved": "https://registry.npmjs.org/tslib/-/tslib-2.6.2.tgz",
      "integrity": "sha512-AEYxH93jGFPn/a2iVAwW87VuUIkR1FVUKB77NwMF7nBTDkDrrT/Hpt/IrCJ0QXhW27jTBDcf5ZY7w6RiqTMw2Q=="
    },
    "node_modules/typescript": {
      "version": "4.9.5",
      "resolved": "https://registry.npmjs.org/typescript/-/typescript-4.9.5.tgz",
      "integrity": "sha512-1FXk9E2Hm+QzZQ7z+McJiHL4NW1F2EzMu9Nq9i3zAaGqibafqYwCVU6WyWAuyQRRzOlxou8xZSyXLEN8oKj24g==",
      "dev": true,
      "bin": {
        "tsc": "bin/tsc",
        "tsserver": "bin/tsserver"
      },
      "engines": {
        "node": ">=4.2.0"
      }
    },
    "node_modules/vite": {
      "version": "4.5.5",
      "resolved": "https://registry.npmjs.org/vite/-/vite-4.5.5.tgz",
      "integrity": "sha512-ifW3Lb2sMdX+WU91s3R0FyQlAyLxOzCSCP37ujw0+r5POeHPwe6udWVIElKQq8gk3t7b8rkmvqC6IHBpCff4GQ==",
      "dev": true,
      "dependencies": {
        "esbuild": "^0.18.10",
        "postcss": "^8.4.27",
        "rollup": "^3.27.1"
      },
      "bin": {
        "vite": "bin/vite.js"
      },
      "engines": {
        "node": "^14.18.0 || >=16.0.0"
      },
      "funding": {
        "url": "https://github.com/vitejs/vite?sponsor=1"
      },
      "optionalDependencies": {
        "fsevents": "~2.3.2"
      },
      "peerDependencies": {
        "@types/node": ">= 14",
        "less": "*",
        "lightningcss": "^1.21.0",
        "sass": "*",
        "stylus": "*",
        "sugarss": "*",
        "terser": "^5.4.0"
      },
      "peerDependenciesMeta": {
        "@types/node": {
          "optional": true
        },
        "less": {
          "optional": true
        },
        "lightningcss": {
          "optional": true
        },
        "sass": {
          "optional": true
        },
        "stylus": {
          "optional": true
        },
        "sugarss": {
          "optional": true
        },
        "terser": {
          "optional": true
        }
      }
    }
  }
}
